// !$*UTF8*$!
{
	archiveVersion = 1;
	classes = {
	};
	objectVersion = 46;
	objects = {

/* Begin PBXBuildFile section */
		3C0539BB1775644D00314A1E /* UIKit.framework in Frameworks */ = {isa = PBXBuildFile; fileRef = 3C0539BA1775644D00314A1E /* UIKit.framework */; };
		3C0539BD1775644D00314A1E /* Foundation.framework in Frameworks */ = {isa = PBXBuildFile; fileRef = 3C0539BC1775644D00314A1E /* Foundation.framework */; };
		3C0539BF1775644D00314A1E /* CoreGraphics.framework in Frameworks */ = {isa = PBXBuildFile; fileRef = 3C0539BE1775644D00314A1E /* CoreGraphics.framework */; };
		3C0539C51775644D00314A1E /* InfoPlist.strings in Resources */ = {isa = PBXBuildFile; fileRef = 3C0539C31775644D00314A1E /* InfoPlist.strings */; };
		3C0539C71775644D00314A1E /* main.m in Sources */ = {isa = PBXBuildFile; fileRef = 3C0539C61775644D00314A1E /* main.m */; };
		3C0539CB1775644D00314A1E /* AppDelegate.m in Sources */ = {isa = PBXBuildFile; fileRef = 3C0539CA1775644D00314A1E /* AppDelegate.m */; };
		3C0539D31775657700314A1E /* RLPainterViewController.m in Sources */ = {isa = PBXBuildFile; fileRef = 3C0539D21775657700314A1E /* RLPainterViewController.m */; };
		3C0539D61775AE0800314A1E /* QuartzCore.framework in Frameworks */ = {isa = PBXBuildFile; fileRef = 3C0539D51775AE0800314A1E /* QuartzCore.framework */; };
/* End PBXBuildFile section */

/* Begin PBXFileReference section */
		3C0539B61775644D00314A1E /* CGFun.app */ = {isa = PBXFileReference; explicitFileType = wrapper.application; includeInIndex = 0; path = CGFun.app; sourceTree = BUILT_PRODUCTS_DIR; };
		3C0539BA1775644D00314A1E /* UIKit.framework */ = {isa = PBXFileReference; lastKnownFileType = wrapper.framework; name = UIKit.framework; path = System/Library/Frameworks/UIKit.framework; sourceTree = SDKROOT; };
		3C0539BC1775644D00314A1E /* Foundation.framework */ = {isa = PBXFileReference; lastKnownFileType = wrapper.framework; name = Foundation.framework; path = System/Library/Frameworks/Foundation.framework; sourceTree = SDKROOT; };
		3C0539BE1775644D00314A1E /* CoreGraphics.framework */ = {isa = PBXFileReference; lastKnownFileType = wrapper.framework; name = CoreGraphics.framework; path = System/Library/Frameworks/CoreGraphics.framework; sourceTree = SDKROOT; };
		3C0539C21775644D00314A1E /* CGFun-Info.plist */ = {isa = PBXFileReference; lastKnownFileType = text.plist.xml; path = "CGFun-Info.plist"; sourceTree = "<group>"; };
		3C0539C41775644D00314A1E /* en */ = {isa = PBXFileReference; lastKnownFileType = text.plist.strings; name = en; path = en.lproj/InfoPlist.strings; sourceTree = "<group>"; };
		3C0539C61775644D00314A1E /* main.m */ = {isa = PBXFileReference; lastKnownFileType = sourcecode.c.objc; path = main.m; sourceTree = "<group>"; };
		3C0539C81775644D00314A1E /* CGFun-Prefix.pch */ = {isa = PBXFileReference; lastKnownFileType = sourcecode.c.h; path = "CGFun-Prefix.pch"; sourceTree = "<group>"; };
		3C0539C91775644D00314A1E /* AppDelegate.h */ = {isa = PBXFileReference; lastKnownFileType = sourcecode.c.h; path = AppDelegate.h; sourceTree = "<group>"; };
		3C0539CA1775644D00314A1E /* AppDelegate.m */ = {isa = PBXFileReference; lastKnownFileType = sourcecode.c.objc; path = AppDelegate.m; sourceTree = "<group>"; };
		3C0539D11775657700314A1E /* RLPainterViewController.h */ = {isa = PBXFileReference; fileEncoding = 4; lastKnownFileType = sourcecode.c.h; path = RLPainterViewController.h; sourceTree = "<group>"; };
		3C0539D21775657700314A1E /* RLPainterViewController.m */ = {isa = PBXFileReference; fileEncoding = 4; lastKnownFileType = sourcecode.c.objc; path = RLPainterViewController.m; sourceTree = "<group>"; };
		3C0539D51775AE0800314A1E /* QuartzCore.framework */ = {isa = PBXFileReference; lastKnownFileType = wrapper.framework; name = QuartzCore.framework; path = System/Library/Frameworks/QuartzCore.framework; sourceTree = SDKROOT; };
/* End PBXFileReference section */

/* Begin PBXFrameworksBuildPhase section */
		3C0539B31775644D00314A1E /* Frameworks */ = {
			isa = PBXFrameworksBuildPhase;
			buildActionMask = 2147483647;
			files = (
				3C0539D61775AE0800314A1E /* QuartzCore.framework in Frameworks */,
				3C0539BB1775644D00314A1E /* UIKit.framework in Frameworks */,
				3C0539BD1775644D00314A1E /* Foundation.framework in Frameworks */,
				3C0539BF1775644D00314A1E /* CoreGraphics.framework in Frameworks */,
			);
			runOnlyForDeploymentPostprocessing = 0;
		};
/* End PBXFrameworksBuildPhase section */

/* Begin PBXGroup section */
		3C0539AB1775644D00314A1E = {
			isa = PBXGroup;
			children = (
				3C0539C01775644D00314A1E /* CGFun */,
				3C0539B91775644D00314A1E /* Frameworks */,
				3C0539B71775644D00314A1E /* Products */,
			);
			sourceTree = "<group>";
		};
		3C0539B71775644D00314A1E /* Products */ = {
			isa = PBXGroup;
			children = (
				3C0539B61775644D00314A1E /* CGFun.app */,
			);
			name = Products;
			sourceTree = "<group>";
		};
		3C0539B91775644D00314A1E /* Frameworks */ = {
			isa = PBXGroup;
			children = (
				3C0539BA1775644D00314A1E /* UIKit.framework */,
				3C0539BC1775644D00314A1E /* Foundation.framework */,
				3C0539D51775AE0800314A1E /* QuartzCore.framework */,
				3C0539BE1775644D00314A1E /* CoreGraphics.framework */,
			);
			name = Frameworks;
			sourceTree = "<group>";
		};
		3C0539C01775644D00314A1E /* CGFun */ = {
			isa = PBXGroup;
			children = (
				3C0539C91775644D00314A1E /* AppDelegate.h */,
				3C0539CA1775644D00314A1E /* AppDelegate.m */,
				3C0539C11775644D00314A1E /* Supporting Files */,
				3C0539D11775657700314A1E /* RLPainterViewController.h */,
				3C0539D21775657700314A1E /* RLPainterViewController.m */,
			);
			path = CGFun;
			sourceTree = "<group>";
		};
		3C0539C11775644D00314A1E /* Supporting Files */ = {
			isa = PBXGroup;
			children = (
				3C0539C21775644D00314A1E /* CGFun-Info.plist */,
				3C0539C31775644D00314A1E /* InfoPlist.strings */,
				3C0539C61775644D00314A1E /* main.m */,
				3C0539C81775644D00314A1E /* CGFun-Prefix.pch */,
			);
			name = "Supporting Files";
			sourceTree = "<group>";
		};
/* End PBXGroup section */

/* Begin PBXNativeTarget section */
		3C0539B51775644D00314A1E /* CGFun */ = {
			isa = PBXNativeTarget;
			buildConfigurationList = 3C0539CE1775644D00314A1E /* Build configuration list for PBXNativeTarget "CGFun" */;
			buildPhases = (
				3C0539B21775644D00314A1E /* Sources */,
				3C0539B31775644D00314A1E /* Frameworks */,
				3C0539B41775644D00314A1E /* Resources */,
			);
			buildRules = (
			);
			dependencies = (
			);
			name = CGFun;
			productName = CGFun;
			productReference = 3C0539B61775644D00314A1E /* CGFun.app */;
			productType = "com.apple.product-type.application";
		};
/* End PBXNativeTarget section */

/* Begin PBXProject section */
		3C0539AD1775644D00314A1E /* Project object */ = {
			isa = PBXProject;
			attributes = {
				LastUpgradeCheck = 0440;
				ORGANIZATIONNAME = rockylession;
			};
			buildConfigurationList = 3C0539B01775644D00314A1E /* Build configuration list for PBXProject "CGFun" */;
			compatibilityVersion = "Xcode 3.2";
			developmentRegion = English;
			hasScannedForEncodings = 0;
			knownRegions = (
				en,
			);
			mainGroup = 3C0539AB1775644D00314A1E;
			productRefGroup = 3C0539B71775644D00314A1E /* Products */;
			projectDirPath = "";
			projectRoot = "";
			targets = (
				3C0539B51775644D00314A1E /* CGFun */,
			);
		};
/* End PBXProject section */

/* Begin PBXResourcesBuildPhase section */
		3C0539B41775644D00314A1E /* Resources */ = {
			isa = PBXResourcesBuildPhase;
			buildActionMask = 2147483647;
			files = (
				3C0539C51775644D00314A1E /* InfoPlist.strings in Resources */,
			);
			runOnlyForDeploymentPostprocessing = 0;
		};
/* End PBXResourcesBuildPhase section */

/* Begin PBXSourcesBuildPhase section */
		3C0539B21775644D00314A1E /* Sources */ = {
			isa = PBXSourcesBuildPhase;
			buildActionMask = 2147483647;
			files = (
				3C0539C71775644D00314A1E /* main.m in Sources */,
				3C0539CB1775644D00314A1E /* AppDelegate.m in Sources */,
				3C0539D31775657700314A1E /* RLPainterViewController.m in Sources */,
			);
			runOnlyForDeploymentPostprocessing = 0;
		};
/* End PBXSourcesBuildPhase section */

/* Begin PBXVariantGroup section */
		3C0539C31775644D00314A1E /* InfoPlist.strings */ = {
			isa = PBXVariantGroup;
			children = (
				3C0539C41775644D00314A1E /* en */,
			);
			name = InfoPlist.strings;
			sourceTree = "<group>";
		};
/* End PBXVariantGroup section */

/* Begin XCBuildConfiguration section */
		3C0539CC1775644D00314A1E /* Debug */ = {
			isa = XCBuildConfiguration;
			buildSettings = {
				ALWAYS_SEARCH_USER_PATHS = NO;
				ARCHS = "$(ARCHS_STANDARD_32_BIT)";
				CLANG_CXX_LANGUAGE_STANDARD = "gnu++0x";
				CLANG_WARN__DUPLICATE_METHOD_MATCH = YES;
				"CODE_SIGN_IDENTITY[sdk=iphoneos*]" = "iPhone Developer";
				COPY_PHASE_STRIP = NO;
				GCC_C_LANGUAGE_STANDARD = gnu99;
				GCC_DYNAMIC_NO_PIC = NO;
				GCC_OPTIMIZATION_LEVEL = 0;
				GCC_PREPROCESSOR_DEFINITIONS = (
					"DEBUG=1",
					"$(inherited)",
				);
				GCC_SYMBOLS_PRIVATE_EXTERN = NO;
				GCC_VERSION = com.apple.compilers.llvm.clang.1_0;
				GCC_WARN_ABOUT_RETURN_TYPE = YES;
				GCC_WARN_UNINITIALIZED_AUTOS = YES;
				GCC_WARN_UNUSED_VARIABLE = YES;
				IPHONEOS_DEPLOYMENT_TARGET = 5.1;
				SDKROOT = iphoneos;
			};
			name = Debug;
		};
		3C0539CD1775644D00314A1E /* Release */ = {
			isa = XCBuildConfiguration;
			buildSettings = {
				ALWAYS_SEARCH_USER_PATHS = NO;
				ARCHS = "$(ARCHS_STANDARD_32_BIT)";
				CLANG_CXX_LANGUAGE_STANDARD = "gnu++0x";
				CLANG_WARN__DUPLICATE_METHOD_MATCH = YES;
				"CODE_SIGN_IDENTITY[sdk=iphoneos*]" = "iPhone Developer";
				COPY_PHASE_STRIP = YES;
				GCC_C_LANGUAGE_STANDARD = gnu99;
				GCC_VERSION = com.apple.compilers.llvm.clang.1_0;
				GCC_WARN_ABOUT_RETURN_TYPE = YES;
				GCC_WARN_UNINITIALIZED_AUTOS = YES;
				GCC_WARN_UNUSED_VARIABLE = YES;
				IPHONEOS_DEPLOYMENT_TARGET = 5.1;
				OTHER_CFLAGS = "-DNS_BLOCK_ASSERTIONS=1";
				SDKROOT = iphoneos;
				VALIDATE_PRODUCT = YES;
			};
			name = Release;
		};
		3C0539CF1775644D00314A1E /* Debug */ = {
			isa = XCBuildConfiguration;
			buildSettings = {
				GCC_PRECOMPILE_PREFIX_HEADER = YES;
				GCC_PREFIX_HEADER = "CGFun/CGFun-Prefix.pch";
				INFOPLIST_FILE = "CGFun/CGFun-Info.plist";
				PRODUCT_NAME = "$(TARGET_NAME)";
				WRAPPER_EXTENSION = app;
			};
			name = Debug;
		};
		3C0539D01775644D00314A1E /* Release */ = {
			isa = XCBuildConfiguration;
			buildSettings = {
				GCC_PRECOMPILE_PREFIX_HEADER = YES;
				GCC_PREFIX_HEADER = "CGFun/CGFun-Prefix.pch";
				INFOPLIST_FILE = "CGFun/CGFun-Info.plist";
				PRODUCT_NAME = "$(TARGET_NAME)";
				WRAPPER_EXTENSION = app;
			};
			name = Release;
		};
/* End XCBuildConfiguration section */

/* Begin XCConfigurationList section */
		3C0539B01775644D00314A1E /* Build configuration list for PBXProject "CGFun" */ = {
			isa = XCConfigurationList;
			buildConfigurations = (
				3C0539CC1775644D00314A1E /* Debug */,
				3C0539CD1775644D00314A1E /* Release */,
			);
			defaultConfigurationIsVisible = 0;
			defaultConfigurationName = Release;
		};
		3C0539CE1775644D00314A1E /* Build configuration list for PBXNativeTarget "CGFun" */ = {
			isa = XCConfigurationList;
			buildConfigurations = (
				3C0539CF1775644D00314A1E /* Debug */,
				3C0539D01775644D00314A1E /* Release */,
			);
			defaultConfigurationIsVisible = 0;
		};
/* End XCConfigurationList section */
	};
	rootObject = 3C0539AD1775644D00314A1E /* Project object */;
}
